<Solution>
  <Folder Name="/samples/">
    <Project Path="samples/Valir.Sample.WebApi/Valir.Sample.WebApi.csproj" />
    <Project Path="samples/Valir.Sample.Worker/Valir.Sample.Worker.csproj" />
  </Folder>
  <Folder Name="/Solution Items/">
    <File Path=".editorconfig" />
    <File Path="Directory.Build.props" />
    <File Path="Directory.Packages.props" />
    <File Path="global.json" />
    <File Path="NuGet.Config" />
  </Folder>
  <Folder Name="/src/">
    <Project Path="src/Valir.Abstractions/Valir.Abstractions.csproj" />
    <Project Path="src/Valir.AspNet/Valir.AspNet.csproj" />
    <Project Path="src/Valir.Brokers.AzureSB/Valir.Brokers.AzureSB.csproj" />
    <Project Path="src/Valir.Brokers.Kafka/Valir.Brokers.Kafka.csproj" />
    <Project Path="src/Valir.Brokers.RabbitMQ/Valir.Brokers.RabbitMQ.csproj" />
    <Project Path="src/Valir.Core/Valir.Core.csproj" />
    <Project Path="src/Valir.EntityFrameworkCore/Valir.EntityFrameworkCore.csproj" />
    <Project Path="src/Valir.Redis/Valir.Redis.csproj" />
  </Folder>
  <Folder Name="/temp/">
    <Project Path="temp/Valir.ConsumerApp/Valir.ConsumerApp.csproj" />
    <Project Path="temp/Valir.ProducerApp/Valir.ProducerApp.csproj" />
  </Folder>
  <Folder Name="/tests/">
    <Project Path="tests/Valir.Benchmarks/Valir.Benchmarks.csproj" />
    <Project Path="tests/Valir.Tests/Valir.Tests.csproj" />
  </Folder>
</Solution>
